
Microsoft Visual Studio Solution File, Format Version 12.00
# Visual Studio 15
VisualStudioVersion = 15.0.28010.2046
MinimumVisualStudioVersion = 10.0.40219.1
Project("{FAE04EC0-301F-11D3-BF4B-00C04F79EFBC}") = "OIT.Core", "OIT.Core\OIT.Core.csproj", "{658A8EE0-949A-4A85-90C5-BEE4749743F5}"
EndProject
Project("{FAE04EC0-301F-11D3-BF4B-00C04F79EFBC}") = "OM.Entity", "OM.Entity\OM.Entity.csproj", "{7F32038D-9547-41EE-884B-25A3DAAD543B}"
EndProject
Project("{FAE04EC0-301F-11D3-BF4B-00C04F79EFBC}") = "OM.DataAccess", "OM.DataAccess\OM.DataAccess.csproj", "{2D80B252-6C10-400F-B5C4-F6C9F04CB4C7}"
EndProject
Project("{FAE04EC0-301F-11D3-BF4B-00C04F79EFBC}") = "OM.Business", "OM.Business\OM.Business.csproj", "{FE66ECF5-4CA1-48CB-A7FA-DFE733A06973}"
EndProject
Project("{FAE04EC0-301F-11D3-BF4B-00C04F79EFBC}") = "OM.WebUI", "OM.WebUI\OM.WebUI.csproj", "{5149A099-1A52-4811-93C1-9A3E72A7BD36}"
EndProject
Global
	GlobalSection(SolutionConfigurationPlatforms) = preSolution
		Debug|Any CPU = Debug|Any CPU
		Release|Any CPU = Release|Any CPU
	EndGlobalSection
	GlobalSection(ProjectConfigurationPlatforms) = postSolution
		{658A8EE0-949A-4A85-90C5-BEE4749743F5}.Debug|Any CPU.ActiveCfg = Debug|Any CPU
		{658A8EE0-949A-4A85-90C5-BEE4749743F5}.Debug|Any CPU.Build.0 = Debug|Any CPU
		{658A8EE0-949A-4A85-90C5-BEE4749743F5}.Release|Any CPU.ActiveCfg = Release|Any CPU
		{658A8EE0-949A-4A85-90C5-BEE4749743F5}.Release|Any CPU.Build.0 = Release|Any CPU
		{7F32038D-9547-41EE-884B-25A3DAAD543B}.Debug|Any CPU.ActiveCfg = Debug|Any CPU
		{7F32038D-9547-41EE-884B-25A3DAAD543B}.Debug|Any CPU.Build.0 = Debug|Any CPU
		{7F32038D-9547-41EE-884B-25A3DAAD543B}.Release|Any CPU.ActiveCfg = Release|Any CPU
		{7F32038D-9547-41EE-884B-25A3DAAD543B}.Release|Any CPU.Build.0 = Release|Any CPU
		{2D80B252-6C10-400F-B5C4-F6C9F04CB4C7}.Debug|Any CPU.ActiveCfg = Debug|Any CPU
		{2D80B252-6C10-400F-B5C4-F6C9F04CB4C7}.Debug|Any CPU.Build.0 = Debug|Any CPU
		{2D80B252-6C10-400F-B5C4-F6C9F04CB4C7}.Release|Any CPU.ActiveCfg = Release|Any CPU
		{2D80B252-6C10-400F-B5C4-F6C9F04CB4C7}.Release|Any CPU.Build.0 = Release|Any CPU
		{FE66ECF5-4CA1-48CB-A7FA-DFE733A06973}.Debug|Any CPU.ActiveCfg = Debug|Any CPU
		{FE66ECF5-4CA1-48CB-A7FA-DFE733A06973}.Debug|Any CPU.Build.0 = Debug|Any CPU
		{FE66ECF5-4CA1-48CB-A7FA-DFE733A06973}.Release|Any CPU.ActiveCfg = Release|Any CPU
		{FE66ECF5-4CA1-48CB-A7FA-DFE733A06973}.Release|Any CPU.Build.0 = Release|Any CPU
		{5149A099-1A52-4811-93C1-9A3E72A7BD36}.Debug|Any CPU.ActiveCfg = Debug|Any CPU
		{5149A099-1A52-4811-93C1-9A3E72A7BD36}.Debug|Any CPU.Build.0 = Debug|Any CPU
		{5149A099-1A52-4811-93C1-9A3E72A7BD36}.Release|Any CPU.ActiveCfg = Release|Any CPU
		{5149A099-1A52-4811-93C1-9A3E72A7BD36}.Release|Any CPU.Build.0 = Release|Any CPU
	EndGlobalSection
	GlobalSection(SolutionProperties) = preSolution
		HideSolutionNode = FALSE
	EndGlobalSection
	GlobalSection(ExtensibilityGlobals) = postSolution
		SolutionGuid = {51ACAD28-90F3-4CFD-BC05-66BCD1DD59A3}
	EndGlobalSection
EndGlobal
